{
  "nodes": {
    "fenix": {
      "inputs": {
        "nixpkgs": [
          "nova",
          "nixpkgs"
        ],
        "rust-analyzer-src": "rust-analyzer-src"
      },
      "locked": {
        "lastModified": 1782900513,
        "narHash": "sha256-GHrsl1+ysDFgmDQtQSqWS7TiYD2Q58VlwLvnf1+crJM=",
        "rev": "16810aa8f4ad89ca480b1513774e8b6f485fe368",
        "revCount": 2708,
        "type": "tarball",
        "url": "https://api.flakehub.com/f/pinned/nix-community/fenix/0.1.2708%2Brev-16810aa8f4ad89ca480b1513774e8b6f485fe368/019f1d68-8b55-7783-bed1-d5926f21ae52/source.tar.gz"
      },
      "original": {
        "type": "tarball",
        "url": "https://flakehub.com/f/nix-community/fenix/0.1"
      }
    },
    "home-manager": {
      "inputs": {
        "nixpkgs": [
          "nixpkgs"
        ]
      },
      "locked": {
        "lastModified": 1783458499,
        "narHash": "sha256-a8whUXG4ThsZNjL92cH4wbl+/dt8CbT/F0zJsfhzFbM=",
        "owner": "nix-community",
        "repo": "home-manager",
        "rev": "53ebbdc405acc04acd9bb73ccca462b51ddb8c6d",
        "type": "github"
      },
      "original": {
        "owner": "nix-community",
        "repo": "home-manager",
        "type": "github"
      }
    },
    "nix-darwin": {
      "inputs": {
        "nixpkgs": [
          "nixpkgs"
        ]
      },
      "locked": {
        "lastModified": 1783395956,
        "narHash": "sha256-AAbexQvDoK+6GFJdhY6kqjA+6ECKRkidgWxkn4gMwAA=",
        "owner": "LnL7",
        "repo": "nix-darwin",
        "rev": "d5bd9cd77aea4c0a8f49e7fd85545671a208ed15",
        "type": "github"
      },
      "original": {
        "owner": "LnL7",
        "repo": "nix-darwin",
        "type": "github"
      }
    },
    "nixpkgs": {
      "locked": {
        "lastModified": 1783279667,
        "narHash": "sha256-/NAkDSsve+GNM0Bt6tleJdCGfsTlK89nPjkVOzZMo0s=",
        "owner": "NixOS",
        "repo": "nixpkgs",
        "rev": "f205b5574fd0cb7da5b702a2da51507b7f4fdd1b",
        "type": "github"
      },
      "original": {
        "owner": "NixOS",
        "ref": "nixpkgs-unstable",
        "repo": "nixpkgs",
        "type": "github"
      }
    },
    "nova": {
      "inputs": {
        "fenix": "fenix",
        "nixpkgs": [
          "nixpkgs"
        ],
        "vhs-nixpkgs": "vhs-nixpkgs"
      },
      "locked": {
        "lastModified": 1783503312,
        "narHash": "sha256-kvsQiiLBszAjBNzi1EfhCS3ijS88ddhjWC6ATOarPkA=",
        "owner": "lemtoc-labs",
        "repo": "nova",
        "rev": "c73dc6c7f6c6f708502c8aaae9451631eb7c56f1",
        "type": "github"
      },
      "original": {
        "owner": "lemtoc-labs",
        "repo": "nova",
        "type": "github"
      }
    },
    "root": {
      "inputs": {
        "home-manager": "home-manager",
        "nix-darwin": "nix-darwin",
        "nixpkgs": "nixpkgs",
        "nova": "nova"
      }
    },
    "rust-analyzer-src": {
      "flake": false,
      "locked": {
        "lastModified": 1782864348,
        "narHash": "sha256-NVYhLbaefeIUftPlo3kS6qr0xd8eFJRodEiaHrvFKR4=",
        "owner": "rust-lang",
        "repo": "rust-analyzer",
        "rev": "0d381ca097a8e0375a19387874d952c0a230ac4f",
        "type": "github"
      },
      "original": {
        "owner": "rust-lang",
        "ref": "nightly",
        "repo": "rust-analyzer",
        "type": "github"
      }
    },
    "vhs-nixpkgs": {
      "locked": {
        "lastModified": 1780930886,
        "narHash": "sha256-rppURzHviaQN131F+nLiLdGfcb0uCd9gGP0E5+iw9MI=",
        "rev": "8c3cede7ddc26bd659d2d383b5610efbd2c7a16e",
        "revCount": 1012902,
        "type": "tarball",
        "url": "https://api.flakehub.com/f/pinned/DeterminateSystems/nixpkgs-weekly/0.1.1012902%2Brev-8c3cede7ddc26bd659d2d383b5610efbd2c7a16e/019eab22-bd1e-7e40-b919-277db893c789/source.tar.gz"
      },
      "original": {
        "type": "tarball",
        "url": "https://flakehub.com/f/DeterminateSystems/nixpkgs-weekly/0.1"
      }
    }
  },
  "root": "root",
  "version": 7
}
